
Microsoft Visual Studio Solution File, Format Version 12.00
# Visual Studio Version 17
VisualStudioVersion = 17.6.33723.286
MinimumVisualStudioVersion = 10.0.40219.1
Project("{FAE04EC0-301F-11D3-BF4B-00C04F79EFBC}") = "Shop.API", "Shop.API\Shop.API.csproj", "{C24650F5-5D09-4CED-891E-40A409EE03F0}"
EndProject
Project("{FAE04EC0-301F-11D3-BF4B-00C04F79EFBC}") = "Shop.DAL", "Shop.DAL\Shop.DAL.csproj", "{24E781ED-4494-48E7-9CF1-A6DA61BF08D1}"
EndProject
Global
	GlobalSection(SolutionConfigurationPlatforms) = preSolution
		Debug|Any CPU = Debug|Any CPU
		Release|Any CPU = Release|Any CPU
	EndGlobalSection
	GlobalSection(ProjectConfigurationPlatforms) = postSolution
		{C24650F5-5D09-4CED-891E-40A409EE03F0}.Debug|Any CPU.ActiveCfg = Debug|Any CPU
		{C24650F5-5D09-4CED-891E-40A409EE03F0}.Debug|Any CPU.Build.0 = Debug|Any CPU
		{C24650F5-5D09-4CED-891E-40A409EE03F0}.Release|Any CPU.ActiveCfg = Release|Any CPU
		{C24650F5-5D09-4CED-891E-40A409EE03F0}.Release|Any CPU.Build.0 = Release|Any CPU
		{24E781ED-4494-48E7-9CF1-A6DA61BF08D1}.Debug|Any CPU.ActiveCfg = Debug|Any CPU
		{24E781ED-4494-48E7-9CF1-A6DA61BF08D1}.Debug|Any CPU.Build.0 = Debug|Any CPU
		{24E781ED-4494-48E7-9CF1-A6DA61BF08D1}.Release|Any CPU.ActiveCfg = Release|Any CPU
		{24E781ED-4494-48E7-9CF1-A6DA61BF08D1}.Release|Any CPU.Build.0 = Release|Any CPU
	EndGlobalSection
	GlobalSection(SolutionProperties) = preSolution
		HideSolutionNode = FALSE
	EndGlobalSection
	GlobalSection(ExtensibilityGlobals) = postSolution
		SolutionGuid = {88D9E8DF-08F0-4C79-9830-2C5434FFC124}
	EndGlobalSection
EndGlobal
